
Microsoft Visual Studio Solution File, Format Version 12.00
# Visual Studio Version 17
VisualStudioVersion = 17.7.34024.191
MinimumVisualStudioVersion = 10.0.40219.1
Project("{FAE04EC0-301F-11D3-BF4B-00C04F79EFBC}") = "Exercicios", "Exercicios\Exercicios.csproj", "{ED9B9432-29F7-4FEE-A73C-D3AB1C30FB54}"
EndProject
Global
	GlobalSection(SolutionConfigurationPlatforms) = preSolution
		Debug|Any CPU = Debug|Any CPU
		Release|Any CPU = Release|Any CPU
	EndGlobalSection
	GlobalSection(ProjectConfigurationPlatforms) = postSolution
		{ED9B9432-29F7-4FEE-A73C-D3AB1C30FB54}.Debug|Any CPU.ActiveCfg = Debug|Any CPU
		{ED9B9432-29F7-4FEE-A73C-D3AB1C30FB54}.Debug|Any CPU.Build.0 = Debug|Any CPU
		{ED9B9432-29F7-4FEE-A73C-D3AB1C30FB54}.Release|Any CPU.ActiveCfg = Release|Any CPU
		{ED9B9432-29F7-4FEE-A73C-D3AB1C30FB54}.Release|Any CPU.Build.0 = Release|Any CPU
	EndGlobalSection
	GlobalSection(SolutionProperties) = preSolution
		HideSolutionNode = FALSE
	EndGlobalSection
	GlobalSection(ExtensibilityGlobals) = postSolution
		SolutionGuid = {63A8D208-0075-46ED-B8BF-5EACB2108799}
	EndGlobalSection
EndGlobal
