
Microsoft Visual Studio Solution File, Format Version 12.00
# Visual Studio Version 17
VisualStudioVersion = 17.7.34302.85
MinimumVisualStudioVersion = 10.0.40219.1
Project("{FAE04EC0-301F-11D3-BF4B-00C04F79EFBC}") = "LambdasDelegatesLINQ", "LambdasDelegatesLINQ\LambdasDelegatesLINQ.csproj", "{F414DF1C-1AB3-4167-AF60-F3768A4F5423}"
EndProject
Global
	GlobalSection(SolutionConfigurationPlatforms) = preSolution
		Debug|Any CPU = Debug|Any CPU
		Release|Any CPU = Release|Any CPU
	EndGlobalSection
	GlobalSection(ProjectConfigurationPlatforms) = postSolution
		{F414DF1C-1AB3-4167-AF60-F3768A4F5423}.Debug|Any CPU.ActiveCfg = Debug|Any CPU
		{F414DF1C-1AB3-4167-AF60-F3768A4F5423}.Debug|Any CPU.Build.0 = Debug|Any CPU
		{F414DF1C-1AB3-4167-AF60-F3768A4F5423}.Release|Any CPU.ActiveCfg = Release|Any CPU
		{F414DF1C-1AB3-4167-AF60-F3768A4F5423}.Release|Any CPU.Build.0 = Release|Any CPU
	EndGlobalSection
	GlobalSection(SolutionProperties) = preSolution
		HideSolutionNode = FALSE
	EndGlobalSection
	GlobalSection(ExtensibilityGlobals) = postSolution
		SolutionGuid = {E3ADABCF-1C32-4D5B-90FE-5580B381F84A}
	EndGlobalSection
EndGlobal
