
Microsoft Visual Studio Solution File, Format Version 12.00
# Visual Studio Version 17
VisualStudioVersion = 17.7.34024.191
MinimumVisualStudioVersion = 10.0.40219.1
Project("{FAE04EC0-301F-11D3-BF4B-00C04F79EFBC}") = "HerancaEPolimorfismo", "HerancaEPolimorfismo\HerancaEPolimorfismo.csproj", "{0F3ECFFB-B681-4873-A2F7-D5A58661A353}"
EndProject
Global
	GlobalSection(SolutionConfigurationPlatforms) = preSolution
		Debug|Any CPU = Debug|Any CPU
		Release|Any CPU = Release|Any CPU
	EndGlobalSection
	GlobalSection(ProjectConfigurationPlatforms) = postSolution
		{0F3ECFFB-B681-4873-A2F7-D5A58661A353}.Debug|Any CPU.ActiveCfg = Debug|Any CPU
		{0F3ECFFB-B681-4873-A2F7-D5A58661A353}.Debug|Any CPU.Build.0 = Debug|Any CPU
		{0F3ECFFB-B681-4873-A2F7-D5A58661A353}.Release|Any CPU.ActiveCfg = Release|Any CPU
		{0F3ECFFB-B681-4873-A2F7-D5A58661A353}.Release|Any CPU.Build.0 = Release|Any CPU
	EndGlobalSection
	GlobalSection(SolutionProperties) = preSolution
		HideSolutionNode = FALSE
	EndGlobalSection
	GlobalSection(ExtensibilityGlobals) = postSolution
		SolutionGuid = {1D2E474D-E34A-4E22-B388-C2929C90D1E2}
	EndGlobalSection
EndGlobal
