
Microsoft Visual Studio Solution File, Format Version 12.00
# Visual Studio Version 17
VisualStudioVersion = 17.7.34024.191
MinimumVisualStudioVersion = 10.0.40219.1
Project("{FAE04EC0-301F-11D3-BF4B-00C04F79EFBC}") = "ExerciciosDeFixacao", "ExerciciosDeFixacao\ExerciciosDeFixacao.csproj", "{35CDF8F2-6246-486D-AE91-A1099239CC59}"
EndProject
Global
	GlobalSection(SolutionConfigurationPlatforms) = preSolution
		Debug|Any CPU = Debug|Any CPU
		Release|Any CPU = Release|Any CPU
	EndGlobalSection
	GlobalSection(ProjectConfigurationPlatforms) = postSolution
		{35CDF8F2-6246-486D-AE91-A1099239CC59}.Debug|Any CPU.ActiveCfg = Debug|Any CPU
		{35CDF8F2-6246-486D-AE91-A1099239CC59}.Debug|Any CPU.Build.0 = Debug|Any CPU
		{35CDF8F2-6246-486D-AE91-A1099239CC59}.Release|Any CPU.ActiveCfg = Release|Any CPU
		{35CDF8F2-6246-486D-AE91-A1099239CC59}.Release|Any CPU.Build.0 = Release|Any CPU
	EndGlobalSection
	GlobalSection(SolutionProperties) = preSolution
		HideSolutionNode = FALSE
	EndGlobalSection
	GlobalSection(ExtensibilityGlobals) = postSolution
		SolutionGuid = {0F1C1E25-1224-44E7-9BDE-75E2D108AA9D}
	EndGlobalSection
EndGlobal
