
Microsoft Visual Studio Solution File, Format Version 12.00
# Visual Studio Version 17
VisualStudioVersion = 17.7.34024.191
MinimumVisualStudioVersion = 10.0.40219.1
Project("{FAE04EC0-301F-11D3-BF4B-00C04F79EFBC}") = "Exercicios4", "Exercicios4\Exercicios4.csproj", "{2AE9611E-0E32-4449-8F15-20B72B299623}"
EndProject
Global
	GlobalSection(SolutionConfigurationPlatforms) = preSolution
		Debug|Any CPU = Debug|Any CPU
		Release|Any CPU = Release|Any CPU
	EndGlobalSection
	GlobalSection(ProjectConfigurationPlatforms) = postSolution
		{2AE9611E-0E32-4449-8F15-20B72B299623}.Debug|Any CPU.ActiveCfg = Debug|Any CPU
		{2AE9611E-0E32-4449-8F15-20B72B299623}.Debug|Any CPU.Build.0 = Debug|Any CPU
		{2AE9611E-0E32-4449-8F15-20B72B299623}.Release|Any CPU.ActiveCfg = Release|Any CPU
		{2AE9611E-0E32-4449-8F15-20B72B299623}.Release|Any CPU.Build.0 = Release|Any CPU
	EndGlobalSection
	GlobalSection(SolutionProperties) = preSolution
		HideSolutionNode = FALSE
	EndGlobalSection
	GlobalSection(ExtensibilityGlobals) = postSolution
		SolutionGuid = {EEC38310-9BC6-468F-8B66-1FE0D488B21F}
	EndGlobalSection
EndGlobal
